
Microsoft Visual Studio Solution File, Format Version 12.00
# Visual Studio Version 16
VisualStudioVersion = 16.0.31009.304
MinimumVisualStudioVersion = 10.0.40219.1
Project("{2150E333-8FDC-42A3-9474-1A3956D46DE8}") = "chapter03", "chapter03", "{461D34B7-C4B2-4893-9AA4-87CB41BF0356}"
EndProject
Project("{8BC9CEB8-8B4A-11D0-8D11-00A0C91BC942}") = "hello_world", "chapter03\hello_world\hello_world.vcxproj", "{F4BCD3ED-62A4-4DCE-91B7-36D81671A938}"
EndProject
Project("{8BC9CEB8-8B4A-11D0-8D11-00A0C91BC942}") = "simple_kernel", "chapter03\simple_kernel\simple_kernel.vcxproj", "{B4F55656-6EA8-4027-A770-6FC493C4AB09}"
EndProject
Project("{8BC9CEB8-8B4A-11D0-8D11-00A0C91BC942}") = "simple_kernel_params", "chapter03\simple_kernel_params\simple_kernel_params.vcxproj", "{16C1A9C9-4AB3-402F-AEE5-E4D4FC3575EE}"
EndProject
Project("{8BC9CEB8-8B4A-11D0-8D11-00A0C91BC942}") = "enum_gpu", "chapter03\enum_gpu\enum_gpu.vcxproj", "{908DC14C-E5C1-44F2-9E38-2D9F251058DC}"
EndProject
Project("{8BC9CEB8-8B4A-11D0-8D11-00A0C91BC942}") = "set_gpu", "chapter03\set_gpu\set_gpu.vcxproj", "{A1DF0E16-13B4-4141-B045-580C9FBCCF90}"
EndProject
Project("{2150E333-8FDC-42A3-9474-1A3956D46DE8}") = "chapter04", "chapter04", "{6F5B0E3F-68A9-4CA3-BDA5-B1B37381506A}"
EndProject
Project("{8BC9CEB8-8B4A-11D0-8D11-00A0C91BC942}") = "add_loop_gpu", "chapter04\add_loop_gpu\add_loop_gpu.vcxproj", "{08119BD8-6F47-4A03-A62B-0F9A6E49D670}"
EndProject
Project("{8BC9CEB8-8B4A-11D0-8D11-00A0C91BC942}") = "add_loop_cpu", "chapter04\add_loop_cpu\add_loop_cpu.vcxproj", "{766BD344-1AE1-4858-8B7E-6C9BB31D56F3}"
EndProject
Project("{8BC9CEB8-8B4A-11D0-8D11-00A0C91BC942}") = "julia_cpu", "chapter04\julia_cpu\julia_cpu.vcxproj", "{1D74A784-6361-49A5-9428-8F0E006CA861}"
EndProject
Project("{8BC9CEB8-8B4A-11D0-8D11-00A0C91BC942}") = "julia_gpu", "chapter04\julia_gpu\julia_gpu.vcxproj", "{F125455C-E2EA-43AE-B090-7666982DAE9F}"
EndProject
Project("{2150E333-8FDC-42A3-9474-1A3956D46DE8}") = "chapter05", "chapter05", "{1E1F312F-CFB4-415E-A3FD-6B13E6ED40F5}"
EndProject
Project("{8BC9CEB8-8B4A-11D0-8D11-00A0C91BC942}") = "add_loop_blocks", "chapter05\add_loop_blocks\add_loop_blocks.vcxproj", "{16E96159-3108-4CD7-B6A7-980636EE18F2}"
EndProject
Project("{8BC9CEB8-8B4A-11D0-8D11-00A0C91BC942}") = "add_loop_long_blocks", "chapter05\add_loop_long_blocks\add_loop_long_blocks.vcxproj", "{89AEDD70-9655-4798-B7D3-1D7D7ED6FFDF}"
EndProject
Project("{8BC9CEB8-8B4A-11D0-8D11-00A0C91BC942}") = "add_loop_very_long_blocks", "chapter05\add_loop_very_long_blocks\add_loop_very_long_blocks.vcxproj", "{6013D8A3-9302-4D5E-9573-1FD317129627}"
EndProject
Global
	GlobalSection(SolutionConfigurationPlatforms) = preSolution
		Debug|x64 = Debug|x64
		Debug|x86 = Debug|x86
		Release|x64 = Release|x64
		Release|x86 = Release|x86
	EndGlobalSection
	GlobalSection(ProjectConfigurationPlatforms) = postSolution
		{F4BCD3ED-62A4-4DCE-91B7-36D81671A938}.Debug|x64.ActiveCfg = Debug|x64
		{F4BCD3ED-62A4-4DCE-91B7-36D81671A938}.Debug|x64.Build.0 = Debug|x64
		{F4BCD3ED-62A4-4DCE-91B7-36D81671A938}.Debug|x86.ActiveCfg = Debug|x64
		{F4BCD3ED-62A4-4DCE-91B7-36D81671A938}.Release|x64.ActiveCfg = Release|x64
		{F4BCD3ED-62A4-4DCE-91B7-36D81671A938}.Release|x64.Build.0 = Release|x64
		{F4BCD3ED-62A4-4DCE-91B7-36D81671A938}.Release|x86.ActiveCfg = Release|x64
		{B4F55656-6EA8-4027-A770-6FC493C4AB09}.Debug|x64.ActiveCfg = Debug|x64
		{B4F55656-6EA8-4027-A770-6FC493C4AB09}.Debug|x64.Build.0 = Debug|x64
		{B4F55656-6EA8-4027-A770-6FC493C4AB09}.Debug|x86.ActiveCfg = Debug|x64
		{B4F55656-6EA8-4027-A770-6FC493C4AB09}.Release|x64.ActiveCfg = Release|x64
		{B4F55656-6EA8-4027-A770-6FC493C4AB09}.Release|x64.Build.0 = Release|x64
		{B4F55656-6EA8-4027-A770-6FC493C4AB09}.Release|x86.ActiveCfg = Release|x64
		{16C1A9C9-4AB3-402F-AEE5-E4D4FC3575EE}.Debug|x64.ActiveCfg = Debug|x64
		{16C1A9C9-4AB3-402F-AEE5-E4D4FC3575EE}.Debug|x64.Build.0 = Debug|x64
		{16C1A9C9-4AB3-402F-AEE5-E4D4FC3575EE}.Debug|x86.ActiveCfg = Debug|x64
		{16C1A9C9-4AB3-402F-AEE5-E4D4FC3575EE}.Release|x64.ActiveCfg = Release|x64
		{16C1A9C9-4AB3-402F-AEE5-E4D4FC3575EE}.Release|x64.Build.0 = Release|x64
		{16C1A9C9-4AB3-402F-AEE5-E4D4FC3575EE}.Release|x86.ActiveCfg = Release|x64
		{908DC14C-E5C1-44F2-9E38-2D9F251058DC}.Debug|x64.ActiveCfg = Debug|x64
		{908DC14C-E5C1-44F2-9E38-2D9F251058DC}.Debug|x64.Build.0 = Debug|x64
		{908DC14C-E5C1-44F2-9E38-2D9F251058DC}.Debug|x86.ActiveCfg = Debug|x64
		{908DC14C-E5C1-44F2-9E38-2D9F251058DC}.Release|x64.ActiveCfg = Release|x64
		{908DC14C-E5C1-44F2-9E38-2D9F251058DC}.Release|x64.Build.0 = Release|x64
		{908DC14C-E5C1-44F2-9E38-2D9F251058DC}.Release|x86.ActiveCfg = Release|x64
		{A1DF0E16-13B4-4141-B045-580C9FBCCF90}.Debug|x64.ActiveCfg = Debug|x64
		{A1DF0E16-13B4-4141-B045-580C9FBCCF90}.Debug|x64.Build.0 = Debug|x64
		{A1DF0E16-13B4-4141-B045-580C9FBCCF90}.Debug|x86.ActiveCfg = Debug|x64
		{A1DF0E16-13B4-4141-B045-580C9FBCCF90}.Release|x64.ActiveCfg = Release|x64
		{A1DF0E16-13B4-4141-B045-580C9FBCCF90}.Release|x64.Build.0 = Release|x64
		{A1DF0E16-13B4-4141-B045-580C9FBCCF90}.Release|x86.ActiveCfg = Release|x64
		{08119BD8-6F47-4A03-A62B-0F9A6E49D670}.Debug|x64.ActiveCfg = Debug|x64
		{08119BD8-6F47-4A03-A62B-0F9A6E49D670}.Debug|x64.Build.0 = Debug|x64
		{08119BD8-6F47-4A03-A62B-0F9A6E49D670}.Debug|x86.ActiveCfg = Debug|x64
		{08119BD8-6F47-4A03-A62B-0F9A6E49D670}.Release|x64.ActiveCfg = Release|x64
		{08119BD8-6F47-4A03-A62B-0F9A6E49D670}.Release|x64.Build.0 = Release|x64
		{08119BD8-6F47-4A03-A62B-0F9A6E49D670}.Release|x86.ActiveCfg = Release|x64
		{766BD344-1AE1-4858-8B7E-6C9BB31D56F3}.Debug|x64.ActiveCfg = Debug|x64
		{766BD344-1AE1-4858-8B7E-6C9BB31D56F3}.Debug|x64.Build.0 = Debug|x64
		{766BD344-1AE1-4858-8B7E-6C9BB31D56F3}.Debug|x86.ActiveCfg = Debug|x64
		{766BD344-1AE1-4858-8B7E-6C9BB31D56F3}.Release|x64.ActiveCfg = Release|x64
		{766BD344-1AE1-4858-8B7E-6C9BB31D56F3}.Release|x64.Build.0 = Release|x64
		{766BD344-1AE1-4858-8B7E-6C9BB31D56F3}.Release|x86.ActiveCfg = Release|x64
		{1D74A784-6361-49A5-9428-8F0E006CA861}.Debug|x64.ActiveCfg = Debug|x64
		{1D74A784-6361-49A5-9428-8F0E006CA861}.Debug|x64.Build.0 = Debug|x64
		{1D74A784-6361-49A5-9428-8F0E006CA861}.Debug|x86.ActiveCfg = Debug|x64
		{1D74A784-6361-49A5-9428-8F0E006CA861}.Release|x64.ActiveCfg = Release|x64
		{1D74A784-6361-49A5-9428-8F0E006CA861}.Release|x64.Build.0 = Release|x64
		{1D74A784-6361-49A5-9428-8F0E006CA861}.Release|x86.ActiveCfg = Release|x64
		{F125455C-E2EA-43AE-B090-7666982DAE9F}.Debug|x64.ActiveCfg = Debug|x64
		{F125455C-E2EA-43AE-B090-7666982DAE9F}.Debug|x64.Build.0 = Debug|x64
		{F125455C-E2EA-43AE-B090-7666982DAE9F}.Debug|x86.ActiveCfg = Debug|x64
		{F125455C-E2EA-43AE-B090-7666982DAE9F}.Release|x64.ActiveCfg = Release|x64
		{F125455C-E2EA-43AE-B090-7666982DAE9F}.Release|x64.Build.0 = Release|x64
		{F125455C-E2EA-43AE-B090-7666982DAE9F}.Release|x86.ActiveCfg = Release|x64
		{16E96159-3108-4CD7-B6A7-980636EE18F2}.Debug|x64.ActiveCfg = Debug|x64
		{16E96159-3108-4CD7-B6A7-980636EE18F2}.Debug|x64.Build.0 = Debug|x64
		{16E96159-3108-4CD7-B6A7-980636EE18F2}.Debug|x86.ActiveCfg = Debug|x64
		{16E96159-3108-4CD7-B6A7-980636EE18F2}.Release|x64.ActiveCfg = Release|x64
		{16E96159-3108-4CD7-B6A7-980636EE18F2}.Release|x64.Build.0 = Release|x64
		{16E96159-3108-4CD7-B6A7-980636EE18F2}.Release|x86.ActiveCfg = Release|x64
		{89AEDD70-9655-4798-B7D3-1D7D7ED6FFDF}.Debug|x64.ActiveCfg = Debug|x64
		{89AEDD70-9655-4798-B7D3-1D7D7ED6FFDF}.Debug|x64.Build.0 = Debug|x64
		{89AEDD70-9655-4798-B7D3-1D7D7ED6FFDF}.Debug|x86.ActiveCfg = Debug|x64
		{89AEDD70-9655-4798-B7D3-1D7D7ED6FFDF}.Release|x64.ActiveCfg = Release|x64
		{89AEDD70-9655-4798-B7D3-1D7D7ED6FFDF}.Release|x64.Build.0 = Release|x64
		{89AEDD70-9655-4798-B7D3-1D7D7ED6FFDF}.Release|x86.ActiveCfg = Release|x64
		{6013D8A3-9302-4D5E-9573-1FD317129627}.Debug|x64.ActiveCfg = Debug|x64
		{6013D8A3-9302-4D5E-9573-1FD317129627}.Debug|x64.Build.0 = Debug|x64
		{6013D8A3-9302-4D5E-9573-1FD317129627}.Debug|x86.ActiveCfg = Debug|x64
		{6013D8A3-9302-4D5E-9573-1FD317129627}.Release|x64.ActiveCfg = Release|x64
		{6013D8A3-9302-4D5E-9573-1FD317129627}.Release|x64.Build.0 = Release|x64
		{6013D8A3-9302-4D5E-9573-1FD317129627}.Release|x86.ActiveCfg = Release|x64
	EndGlobalSection
	GlobalSection(SolutionProperties) = preSolution
		HideSolutionNode = FALSE
	EndGlobalSection
	GlobalSection(NestedProjects) = preSolution
		{F4BCD3ED-62A4-4DCE-91B7-36D81671A938} = {461D34B7-C4B2-4893-9AA4-87CB41BF0356}
		{B4F55656-6EA8-4027-A770-6FC493C4AB09} = {461D34B7-C4B2-4893-9AA4-87CB41BF0356}
		{16C1A9C9-4AB3-402F-AEE5-E4D4FC3575EE} = {461D34B7-C4B2-4893-9AA4-87CB41BF0356}
		{908DC14C-E5C1-44F2-9E38-2D9F251058DC} = {461D34B7-C4B2-4893-9AA4-87CB41BF0356}
		{A1DF0E16-13B4-4141-B045-580C9FBCCF90} = {461D34B7-C4B2-4893-9AA4-87CB41BF0356}
		{08119BD8-6F47-4A03-A62B-0F9A6E49D670} = {6F5B0E3F-68A9-4CA3-BDA5-B1B37381506A}
		{766BD344-1AE1-4858-8B7E-6C9BB31D56F3} = {6F5B0E3F-68A9-4CA3-BDA5-B1B37381506A}
		{1D74A784-6361-49A5-9428-8F0E006CA861} = {6F5B0E3F-68A9-4CA3-BDA5-B1B37381506A}
		{F125455C-E2EA-43AE-B090-7666982DAE9F} = {6F5B0E3F-68A9-4CA3-BDA5-B1B37381506A}
		{16E96159-3108-4CD7-B6A7-980636EE18F2} = {1E1F312F-CFB4-415E-A3FD-6B13E6ED40F5}
		{89AEDD70-9655-4798-B7D3-1D7D7ED6FFDF} = {1E1F312F-CFB4-415E-A3FD-6B13E6ED40F5}
		{6013D8A3-9302-4D5E-9573-1FD317129627} = {1E1F312F-CFB4-415E-A3FD-6B13E6ED40F5}
	EndGlobalSection
	GlobalSection(ExtensibilityGlobals) = postSolution
		SolutionGuid = {8542564D-3DFF-48E0-BA1C-4EB41E8CE8DD}
	EndGlobalSection
EndGlobal
