
Microsoft Visual Studio Solution File, Format Version 12.00
# Visual Studio Version 16
VisualStudioVersion = 16.0.31009.304
MinimumVisualStudioVersion = 10.0.40219.1
Project("{2150E333-8FDC-42A3-9474-1A3956D46DE8}") = "chapter03", "chapter03", "{461D34B7-C4B2-4893-9AA4-87CB41BF0356}"
EndProject
Project("{8BC9CEB8-8B4A-11D0-8D11-00A0C91BC942}") = "hello_world", "chapter03\hello_world\hello_world.vcxproj", "{F4BCD3ED-62A4-4DCE-91B7-36D81671A938}"
EndProject
Project("{8BC9CEB8-8B4A-11D0-8D11-00A0C91BC942}") = "simple_kernel", "chapter03\simple_kernel\simple_kernel.vcxproj", "{B4F55656-6EA8-4027-A770-6FC493C4AB09}"
EndProject
Global
	GlobalSection(SolutionConfigurationPlatforms) = preSolution
		Debug|x64 = Debug|x64
		Release|x64 = Release|x64
	EndGlobalSection
	GlobalSection(ProjectConfigurationPlatforms) = postSolution
		{F4BCD3ED-62A4-4DCE-91B7-36D81671A938}.Debug|x64.ActiveCfg = Debug|x64
		{F4BCD3ED-62A4-4DCE-91B7-36D81671A938}.Debug|x64.Build.0 = Debug|x64
		{F4BCD3ED-62A4-4DCE-91B7-36D81671A938}.Release|x64.ActiveCfg = Release|x64
		{F4BCD3ED-62A4-4DCE-91B7-36D81671A938}.Release|x64.Build.0 = Release|x64
		{B4F55656-6EA8-4027-A770-6FC493C4AB09}.Debug|x64.ActiveCfg = Debug|x64
		{B4F55656-6EA8-4027-A770-6FC493C4AB09}.Debug|x64.Build.0 = Debug|x64
		{B4F55656-6EA8-4027-A770-6FC493C4AB09}.Release|x64.ActiveCfg = Release|x64
		{B4F55656-6EA8-4027-A770-6FC493C4AB09}.Release|x64.Build.0 = Release|x64
	EndGlobalSection
	GlobalSection(SolutionProperties) = preSolution
		HideSolutionNode = FALSE
	EndGlobalSection
	GlobalSection(NestedProjects) = preSolution
		{F4BCD3ED-62A4-4DCE-91B7-36D81671A938} = {461D34B7-C4B2-4893-9AA4-87CB41BF0356}
		{B4F55656-6EA8-4027-A770-6FC493C4AB09} = {461D34B7-C4B2-4893-9AA4-87CB41BF0356}
	EndGlobalSection
	GlobalSection(ExtensibilityGlobals) = postSolution
		SolutionGuid = {8542564D-3DFF-48E0-BA1C-4EB41E8CE8DD}
	EndGlobalSection
EndGlobal
